
Microsoft Visual Studio Solution File, Format Version 12.00
# Visual Studio Express 2012 for Windows Desktop
Project("{FAE04EC0-301F-11D3-BF4B-00C04F79EFBC}") = "EasyNbt", "EasyNbt\EasyNbt.csproj", "{242198A4-EBFE-420A-9229-3DA162CAB5A9}"
EndProject
Project("{FAE04EC0-301F-11D3-BF4B-00C04F79EFBC}") = "TestApp", "TestApp\TestApp.csproj", "{80A7906B-A36B-471B-85AC-EFB2B03321C0}"
EndProject
Global
	GlobalSection(SolutionConfigurationPlatforms) = preSolution
		Debug|Any CPU = Debug|Any CPU
		Release|Any CPU = Release|Any CPU
	EndGlobalSection
	GlobalSection(ProjectConfigurationPlatforms) = postSolution
		{242198A4-EBFE-420A-9229-3DA162CAB5A9}.Debug|Any CPU.ActiveCfg = Debug|Any CPU
		{242198A4-EBFE-420A-9229-3DA162CAB5A9}.Debug|Any CPU.Build.0 = Debug|Any CPU
		{242198A4-EBFE-420A-9229-3DA162CAB5A9}.Release|Any CPU.ActiveCfg = Release|Any CPU
		{242198A4-EBFE-420A-9229-3DA162CAB5A9}.Release|Any CPU.Build.0 = Release|Any CPU
		{80A7906B-A36B-471B-85AC-EFB2B03321C0}.Debug|Any CPU.ActiveCfg = Debug|Any CPU
		{80A7906B-A36B-471B-85AC-EFB2B03321C0}.Debug|Any CPU.Build.0 = Debug|Any CPU
		{80A7906B-A36B-471B-85AC-EFB2B03321C0}.Release|Any CPU.ActiveCfg = Release|Any CPU
		{80A7906B-A36B-471B-85AC-EFB2B03321C0}.Release|Any CPU.Build.0 = Release|Any CPU
	EndGlobalSection
	GlobalSection(SolutionProperties) = preSolution
		HideSolutionNode = FALSE
	EndGlobalSection
EndGlobal
